
Microsoft Visual Studio Solution File, Format Version 12.00
# Visual Studio Version 17
VisualStudioVersion = 17.11.35327.3
MinimumVisualStudioVersion = 10.0.40219.1
Project("{FAE04EC0-301F-11D3-BF4B-00C04F79EFBC}") = "UniversityMVCProject", "UniversityMVCProject\UniversityMVCProject.csproj", "{584D0EDE-EF75-4BEC-ABAA-AFD26FCF2914}"
EndProject
Global
	GlobalSection(SolutionConfigurationPlatforms) = preSolution
		Debug|Any CPU = Debug|Any CPU
		Release|Any CPU = Release|Any CPU
	EndGlobalSection
	GlobalSection(ProjectConfigurationPlatforms) = postSolution
		{584D0EDE-EF75-4BEC-ABAA-AFD26FCF2914}.Debug|Any CPU.ActiveCfg = Debug|Any CPU
		{584D0EDE-EF75-4BEC-ABAA-AFD26FCF2914}.Debug|Any CPU.Build.0 = Debug|Any CPU
		{584D0EDE-EF75-4BEC-ABAA-AFD26FCF2914}.Release|Any CPU.ActiveCfg = Release|Any CPU
		{584D0EDE-EF75-4BEC-ABAA-AFD26FCF2914}.Release|Any CPU.Build.0 = Release|Any CPU
	EndGlobalSection
	GlobalSection(SolutionProperties) = preSolution
		HideSolutionNode = FALSE
	EndGlobalSection
	GlobalSection(ExtensibilityGlobals) = postSolution
		SolutionGuid = {E1CEF515-560D-461A-8E8E-2D660289C7A8}
	EndGlobalSection
EndGlobal
